{
  "version": 1,
  "dependencies": {
    "net6.0": {
      "AWSSDK.S3": {
        "type": "Direct",
        "requested": "[3.7.9.68, )",
        "resolved": "3.7.9.68",
        "contentHash": "t/i1Xjy+KpZfDO/SEf4c7ki2kmaVcJH8X8kC+84AVlBu+owr8Jj9j+OwAPE9jJPe2TlPZKGvkqLQvasrjhpwhw==",
        "dependencies": {
          "AWSSDK.Core": "[3.7.13.19, 4.0.0)"
        }
      },
      "Destructurama.Attributed": {
        "type": "Direct",
        "requested": "[3.0.0, )",
        "resolved": "3.0.0",
        "contentHash": "Wam0fvMhCrtN0HvRIiHpNsW8HhlKHM5CkAlUzrAdzqkzuHVBj3zd/zfY9610NELW296Vugcnmf/TMiaUMvepvA==",
        "dependencies": {
          "Serilog": "[2.8.0, 3.0.0)"
        }
      },
      "McMaster.NETCore.Plugins": {
        "type": "Direct",
        "requested": "[1.4.0, )",
        "resolved": "1.4.0",
        "contentHash": "UKw5Z2/QHhkR7kiAJmqdCwVDMQV0lwsfj10+FG676r8DsJWIpxtachtEjE0qBs9WoK5GUQIqxgyFeYUSwuPszg==",
        "dependencies": {
          "Microsoft.DotNet.PlatformAbstractions": "3.1.6",
          "Microsoft.Extensions.DependencyModel": "5.0.0"
        }
      },
      "Microsoft.AspNetCore.Authentication.JwtBearer": {
        "type": "Direct",
        "requested": "[6.0.9, )",
        "resolved": "6.0.9",
        "contentHash": "U02ylUPpnb31C8irNFMVZSq6vn00DlCyQHra5ky1mnzWrbwmZ+Er6tms+hsvfp2dVJqTFLXD9+araslWapWY3g==",
        "dependencies": {
          "Microsoft.IdentityModel.Protocols.OpenIdConnect": "6.10.0"
        }
      },
      "Microsoft.EntityFrameworkCore.Design": {
        "type": "Direct",
        "requested": "[6.0.9, )",
        "resolved": "6.0.9",
        "contentHash": "F+1dYjaxMG181+seb2xK4uLU1UoTR0UZRcfYzSQFfVFwAyWtCp3uooNorWYE3BnJAHNEVJgsGmlfYAEGsrewqg==",
        "dependencies": {
          "Humanizer.Core": "2.8.26",
          "Microsoft.EntityFrameworkCore.Relational": "6.0.9"
        }
      },
      "Nerdbank.GitVersioning": {
        "type": "Direct",
        "requested": "[3.5.113, )",
        "resolved": "3.5.113",
        "contentHash": "4fBSMkqhi410qlkjPm+Mxfk8iO3C7dmgdVS7ljsfVO21WEzZCHP1VCOqB6rlOPfPidR/oxX+/Do/I7meCAz+Jg=="
      },
      "Pomelo.EntityFrameworkCore.MySql": {
        "type": "Direct",
        "requested": "[6.0.2, )",
        "resolved": "6.0.2",
        "contentHash": "KvlZ800CnEuEGnxj5OT1fCKGjQXxW5kpPlCP91JqBYG+2Z3927eqXmlX6LLKUt4swqE8ZsEQ+Zkpab8bqstf4g==",
        "dependencies": {
          "Microsoft.EntityFrameworkCore.Relational": "[6.0.7, 7.0.0)",
          "Microsoft.Extensions.DependencyInjection": "6.0.0",
          "MySqlConnector": "2.1.2"
        }
      },
      "Serilog.AspNetCore": {
        "type": "Direct",
        "requested": "[6.0.1, )",
        "resolved": "6.0.1",
        "contentHash": "5XW90k62V7G9I0D/j9Iz+NyRBB6/SnoFpHUPeLnV40gONV2vs2A/ewWi91QVjQmyHBfzFeqIrkvE/DJMZ0alTg==",
        "dependencies": {
          "Microsoft.Extensions.DependencyInjection": "5.0.0",
          "Microsoft.Extensions.Logging": "5.0.0",
          "Serilog": "2.10.0",
          "Serilog.Extensions.Hosting": "5.0.1",
          "Serilog.Formatting.Compact": "1.1.0",
          "Serilog.Settings.Configuration": "3.3.0",
          "Serilog.Sinks.Console": "4.0.1",
          "Serilog.Sinks.Debug": "2.0.0",
          "Serilog.Sinks.File": "5.0.0"
        }
      },
      "Serilog.Filters.Expressions": {
        "type": "Direct",
        "requested": "[2.1.0, )",
        "resolved": "2.1.0",
        "contentHash": "e0ZaK+NWx6+j71xB5dRXohdreSeHgMJ9mp4giSp83/4UC8VsJWDH+CAT1YVXsyINAR9IQznXllnJ0e5j+BvwzA==",
        "dependencies": {
          "Serilog": "2.9.0",
          "Superpower": "2.3.0"
        }
      },
      "StyleCop.Analyzers": {
        "type": "Direct",
        "requested": "[1.2.0-beta.354, )",
        "resolved": "1.2.0-beta.354",
        "contentHash": "oDSJNxnEvIzAQTkpkc/FnJP4dQ7TV6fHMsI+2ckU5DOaMiwiEfh1fawMsSqz2bCoNwbTt9lS6MgYvyVKujNJoA==",
        "dependencies": {
          "StyleCop.Analyzers.Unstable": "1.2.0.354"
        }
      },
      "Swashbuckle.AspNetCore": {
        "type": "Direct",
        "requested": "[6.4.0, )",
        "resolved": "6.4.0",
        "contentHash": "eUBr4TW0up6oKDA5Xwkul289uqSMgY0xGN4pnbOIBqCcN9VKGGaPvHX3vWaG/hvocfGDP+MGzMA0bBBKz2fkmQ==",
        "dependencies": {
          "Microsoft.Extensions.ApiDescription.Server": "6.0.5",
          "Swashbuckle.AspNetCore.Swagger": "6.4.0",
          "Swashbuckle.AspNetCore.SwaggerGen": "6.4.0",
          "Swashbuckle.AspNetCore.SwaggerUI": "6.4.0"
        }
      },
      "System.Linq.Async": {
        "type": "Direct",
        "requested": "[6.0.1, )",
        "resolved": "6.0.1",
        "contentHash": "0YhHcaroWpQ9UCot3Pizah7ryAzQhNvobLMSxeDIGmnXfkQn8u5owvpOH0K6EVB+z9L7u6Cc4W17Br/+jyttEQ==",
        "dependencies": {
          "Microsoft.Bcl.AsyncInterfaces": "6.0.0"
        }
      },
      "AWSSDK.Core": {
        "type": "Transitive",
        "resolved": "3.7.13.19",
        "contentHash": "i0L84RBDTCAORZCyzsaHnEKXQR/lhtIsTcVjvb+ZGeiwbO9eNcDjA7XOCFiE2VTrf2I1yxZXhI4KX9aTDK7jqQ=="
      },
      "AWSXRayRecorder": {
        "type": "Transitive",
        "resolved": "2.11.1",
        "contentHash": "zR78FJDFMmyMDZu9M4GgO0XXO/9Rq6SgzDn9jhuAp+I3rDheTeIDhPubgt8eanRvMTby/Ns2nBXaVUqpwFPwig==",
        "dependencies": {
          "AWSXRayRecorder.Core": "2.11.1",
          "AWSXRayRecorder.Handlers.AspNetCore": "2.8.1",
          "AWSXRayRecorder.Handlers.AwsSdk": "2.9.1",
          "AWSXRayRecorder.Handlers.EntityFramework": "1.2.1",
          "AWSXRayRecorder.Handlers.SqlServer": "2.8.1",
          "AWSXRayRecorder.Handlers.System.Net": "2.8.1"
        }
      },
      "AWSXRayRecorder.Core": {
        "type": "Transitive",
        "resolved": "2.11.1",
        "contentHash": "eCNoLdvtAuookHh5Plz0y6sgsP0p8PnSKc1xcPnBKaWkepymCs7ZOHtzj31rk9R1Qrkn+lgoK3zNkRuRooKS3g==",
        "dependencies": {
          "AWSSDK.Core": "3.3.25.1"
        }
      },
      "AWSXRayRecorder.Handlers.AspNetCore": {
        "type": "Transitive",
        "resolved": "2.8.1",
        "contentHash": "ILeYhBL1ykw7bJYRoQvh4W4ljn8pkJl3bhSjZ9TWfwqlryvYPk8EId16w3mDh/UlVzxhfy7xGxzc+w7ZUrpbHQ==",
        "dependencies": {
          "AWSXRayRecorder.Core": "2.11.1"
        }
      },
      "AWSXRayRecorder.Handlers.AwsSdk": {
        "type": "Transitive",
        "resolved": "2.9.1",
        "contentHash": "1f5LESOwV5cWZfwr55DamD/zrBq674EZx+dF3Ci6a7GCG4Mj8gC2y50q5GbNZXlzHCsqmrGJ+BOZILAqfe+/1Q==",
        "dependencies": {
          "AWSXRayRecorder.Core": "2.11.1"
        }
      },
      "AWSXRayRecorder.Handlers.EntityFramework": {
        "type": "Transitive",
        "resolved": "1.2.1",
        "contentHash": "hJRp1u7qSFhMQsunq5OcjG9xL6PEO7nm6X2dYH4xkqcyD3pWk2To4p33owqYvFc9GU1wnJPC1GZDSTkVTim5aw==",
        "dependencies": {
          "AWSXRayRecorder.Core": "2.11.1",
          "Microsoft.EntityFrameworkCore.Relational": "6.0.0"
        }
      },
      "AWSXRayRecorder.Handlers.SqlServer": {
        "type": "Transitive",
        "resolved": "2.8.1",
        "contentHash": "aHw9cHJkHnmTaTWN+Zi+Hw5XgQWsxRTSBpxfpwgS5+ze9bSY+kBI8E5mpHX6d40yUXIFaC7kpoeNz3fZzg2INw==",
        "dependencies": {
          "AWSXRayRecorder.Core": "2.11.1",
          "System.Data.SqlClient": "4.4.0"
        }
      },
      "AWSXRayRecorder.Handlers.System.Net": {
        "type": "Transitive",
        "resolved": "2.8.1",
        "contentHash": "0R+kca6tm5bVosI6qiwGjcggdF7tSJOv0KNyLuQkO1m8+bQhI1jsMju2oWHMzEQhIY1VNoQ4kaN5PHdt3XREHQ==",
        "dependencies": {
          "AWSXRayRecorder.Core": "2.11.1"
        }
      },
      "Brighid.Commands.Sdk.Core": {
        "type": "Transitive",
        "resolved": "0.1.3",
        "contentHash": "oHXkuLKErBIGF109bmeIr9y9s/Wwoxs8Raaw22bo2/p9ZOjUCcPsCd02dCm4gQTRsZ9zYKhVM0NnE1ZLxUcPqg==",
        "dependencies": {
          "Microsoft.Extensions.DependencyInjection": "6.0.0"
        }
      },
      "Humanizer.Core": {
        "type": "Transitive",
        "resolved": "2.8.26",
        "contentHash": "OiKusGL20vby4uDEswj2IgkdchC1yQ6rwbIkZDVBPIR6al2b7n3pC91elBul9q33KaBgRKhbZH3+2Ur4fnWx2A=="
      },
      "Microsoft.Bcl.AsyncInterfaces": {
        "type": "Transitive",
        "resolved": "6.0.0",
        "contentHash": "UcSjPsst+DfAdJGVDsu346FX0ci0ah+lw3WRtn18NUwEqRt70HaOQ7lI72vy3+1LxtqI3T5GWwV39rQSrCzAeg=="
      },
      "Microsoft.CSharp": {
        "type": "Transitive",
        "resolved": "4.5.0",
        "contentHash": "kaj6Wb4qoMuH3HySFJhxwQfe8R/sJsNJnANrvv8WdFPMoNbKY5htfNscv+LHCu5ipz+49m2e+WQXpLXr9XYemQ=="
      },
      "Microsoft.DotNet.PlatformAbstractions": {
        "type": "Transitive",
        "resolved": "3.1.6",
        "contentHash": "jek4XYaQ/PGUwDKKhwR8K47Uh1189PFzMeLqO83mXrXQVIpARZCcfuDedH50YDTepBkfijCZN5U/vZi++erxtg=="
      },
      "Microsoft.EntityFrameworkCore": {
        "type": "Transitive",
        "resolved": "6.0.9",
        "contentHash": "3QxYF6TR14O3cSZitdzM10Smsw+hweLXyB45PN4ZVjrX4GqzUoGZ0ZC06r0ST7O7SgYxNjxw34ay5XXbBTX86A==",
        "dependencies": {
          "Microsoft.EntityFrameworkCore.Abstractions": "6.0.9",
          "Microsoft.EntityFrameworkCore.Analyzers": "6.0.9",
          "Microsoft.Extensions.Caching.Memory": "6.0.1",
          "Microsoft.Extensions.DependencyInjection": "6.0.0",
          "Microsoft.Extensions.Logging": "6.0.0",
          "System.Collections.Immutable": "6.0.0",
          "System.Diagnostics.DiagnosticSource": "6.0.0"
        }
      },
      "Microsoft.EntityFrameworkCore.Abstractions": {
        "type": "Transitive",
        "resolved": "6.0.9",
        "contentHash": "XglcSAr6EtjqJpI0DjMMDWkq3l5zG45hRHgrodZFMxNxE7KettJ+X8Em39Aaa0XQwH2P+NHVyK+xhtPX8ogdEA=="
      },
      "Microsoft.EntityFrameworkCore.Analyzers": {
        "type": "Transitive",
        "resolved": "6.0.9",
        "contentHash": "rNIx4fr7KWH4ypghhI+78PhCUYBHdjVbQ3yKvj/KmUIe4d9pysHXT3lF9TuReVdMDsn5mEx+3Yez8s80J4/JLA=="
      },
      "Microsoft.EntityFrameworkCore.Relational": {
        "type": "Transitive",
        "resolved": "6.0.9",
        "contentHash": "LAZHEvlgSg6OUzLUH3BoVneYrQj7cQqwwFnzSfwVGNjQvj5RRh7Vz0eSXLKfQD4xv5QuSm3l+MzFMZC1NBPQHw==",
        "dependencies": {
          "Microsoft.EntityFrameworkCore": "6.0.9",
          "Microsoft.Extensions.Configuration.Abstractions": "6.0.0"
        }
      },
      "Microsoft.Extensions.ApiDescription.Server": {
        "type": "Transitive",
        "resolved": "6.0.5",
        "contentHash": "Ckb5EDBUNJdFWyajfXzUIMRkhf52fHZOQuuZg/oiu8y7zDCVwD0iHhew6MnThjHmevanpxL3f5ci2TtHQEN6bw=="
      },
      "Microsoft.Extensions.Caching.Abstractions": {
        "type": "Transitive",
        "resolved": "6.0.0",
        "contentHash": "bcz5sSFJbganH0+YrfvIjJDIcKNW7TL07C4d1eTmXy/wOt52iz4LVogJb6pazs7W0+74j0YpXFErvp++Aq5Bsw==",
        "dependencies": {
          "Microsoft.Extensions.Primitives": "6.0.0"
        }
      },
      "Microsoft.Extensions.Caching.Memory": {
        "type": "Transitive",
        "resolved": "6.0.1",
        "contentHash": "B4y+Cev05eMcjf1na0v9gza6GUtahXbtY1JCypIgx3B4Ea/KAgsWyXEmW4q6zMbmTMtKzmPVk09rvFJirvMwTg==",
        "dependencies": {
          "Microsoft.Extensions.Caching.Abstractions": "6.0.0",
          "Microsoft.Extensions.DependencyInjection.Abstractions": "6.0.0",
          "Microsoft.Extensions.Logging.Abstractions": "6.0.0",
          "Microsoft.Extensions.Options": "6.0.0",
          "Microsoft.Extensions.Primitives": "6.0.0"
        }
      },
      "Microsoft.Extensions.Configuration": {
        "type": "Transitive",
        "resolved": "6.0.1",
        "contentHash": "BUyFU9t+HzlSE7ri4B+AQN2BgTgHv/uM82s5ZkgU1BApyzWzIl48nDsG5wR1t0pniNuuyTBzG3qCW8152/NtSw==",
        "dependencies": {
          "Microsoft.Extensions.Configuration.Abstractions": "6.0.0",
          "Microsoft.Extensions.Primitives": "6.0.0"
        }
      },
      "Microsoft.Extensions.Configuration.Abstractions": {
        "type": "Transitive",
        "resolved": "6.0.0",
        "contentHash": "qWzV9o+ZRWq+pGm+1dF+R7qTgTYoXvbyowRoBxQJGfqTpqDun2eteerjRQhq5PQ/14S+lqto3Ft4gYaRyl4rdQ==",
        "dependencies": {
          "Microsoft.Extensions.Primitives": "6.0.0"
        }
      },
      "Microsoft.Extensions.Configuration.Binder": {
        "type": "Transitive",
        "resolved": "6.0.0",
        "contentHash": "b3ErKzND8LIC7o08QAVlKfaEIYEvLJbtmVbFZVBRXeu9YkKfSSzLZfR1SUfQPBIy9mKLhEtJgGYImkcMNaKE0A==",
        "dependencies": {
          "Microsoft.Extensions.Configuration.Abstractions": "6.0.0"
        }
      },
      "Microsoft.Extensions.Configuration.EnvironmentVariables": {
        "type": "Transitive",
        "resolved": "6.0.1",
        "contentHash": "pnyXV1LFOsYjGveuC07xp0YHIyGq7jRq5Ncb5zrrIieMLWVwgMyYxcOH0jTnBedDT4Gh1QinSqsjqzcieHk1og==",
        "dependencies": {
          "Microsoft.Extensions.Configuration": "6.0.0",
          "Microsoft.Extensions.Configuration.Abstractions": "6.0.0"
        }
      },
      "Microsoft.Extensions.DependencyInjection": {
        "type": "Transitive",
        "resolved": "6.0.0",
        "contentHash": "k6PWQMuoBDGGHOQTtyois2u4AwyVcIwL2LaSLlTZQm2CYcJ1pxbt6jfAnpWmzENA/wfrYRI/X9DTLoUkE4AsLw==",
        "dependencies": {
          "Microsoft.Extensions.DependencyInjection.Abstractions": "6.0.0",
          "System.Runtime.CompilerServices.Unsafe": "6.0.0"
        }
      },
      "Microsoft.Extensions.DependencyInjection.Abstractions": {
        "type": "Transitive",
        "resolved": "6.0.0",
        "contentHash": "xlzi2IYREJH3/m6+lUrQlujzX8wDitm4QGnUu6kUXTQAWPuZY8i+ticFJbzfqaetLA6KR/rO6Ew/HuYD+bxifg=="
      },
      "Microsoft.Extensions.DependencyModel": {
        "type": "Transitive",
        "resolved": "5.0.0",
        "contentHash": "umBECCoMC+sOUgm083yFr8SxTobUOcPFH4AXigdO2xJiszCHAnmeDl4qPphJt+oaJ/XIfV1wOjIts2nRnki61Q=="
      },
      "Microsoft.Extensions.FileProviders.Abstractions": {
        "type": "Transitive",
        "resolved": "3.1.8",
        "contentHash": "U7ffyzrPfRDH5K3h/mBpqJVoHbppw1kc1KyHZcZeDR7b1A0FRaqMSiizGpN9IGwWs9BuN7oXIKFyviuSGBjHtQ==",
        "dependencies": {
          "Microsoft.Extensions.Primitives": "3.1.8"
        }
      },
      "Microsoft.Extensions.Hosting.Abstractions": {
        "type": "Transitive",
        "resolved": "3.1.8",
        "contentHash": "7ZJUKwPipkDvuv2KJPZ3r01wp2AWNMiYH+61i0dL89F7QICknjKpWgLKLpTSUYFgl77S3b4264I6i4HzDdrb2A==",
        "dependencies": {
          "Microsoft.Extensions.Configuration.Abstractions": "3.1.8",
          "Microsoft.Extensions.DependencyInjection.Abstractions": "3.1.8",
          "Microsoft.Extensions.FileProviders.Abstractions": "3.1.8",
          "Microsoft.Extensions.Logging.Abstractions": "3.1.8"
        }
      },
      "Microsoft.Extensions.Logging": {
        "type": "Transitive",
        "resolved": "6.0.0",
        "contentHash": "eIbyj40QDg1NDz0HBW0S5f3wrLVnKWnDJ/JtZ+yJDFnDj90VoPuoPmFkeaXrtu+0cKm5GRAwoDf+dBWXK0TUdg==",
        "dependencies": {
          "Microsoft.Extensions.DependencyInjection": "6.0.0",
          "Microsoft.Extensions.DependencyInjection.Abstractions": "6.0.0",
          "Microsoft.Extensions.Logging.Abstractions": "6.0.0",
          "Microsoft.Extensions.Options": "6.0.0",
          "System.Diagnostics.DiagnosticSource": "6.0.0"
        }
      },
      "Microsoft.Extensions.Logging.Abstractions": {
        "type": "Transitive",
        "resolved": "6.0.0",
        "contentHash": "/HggWBbTwy8TgebGSX5DBZ24ndhzi93sHUBDvP1IxbZD7FDokYzdAr6+vbWGjw2XAfR2EJ1sfKUotpjHnFWPxA=="
      },
      "Microsoft.Extensions.Options": {
        "type": "Transitive",
        "resolved": "6.0.0",
        "contentHash": "dzXN0+V1AyjOe2xcJ86Qbo233KHuLEY0njf/P2Kw8SfJU+d45HNS2ctJdnEnrWbM9Ye2eFgaC5Mj9otRMU6IsQ==",
        "dependencies": {
          "Microsoft.Extensions.DependencyInjection.Abstractions": "6.0.0",
          "Microsoft.Extensions.Primitives": "6.0.0"
        }
      },
      "Microsoft.Extensions.Options.ConfigurationExtensions": {
        "type": "Transitive",
        "resolved": "2.0.0",
        "contentHash": "Y/lGICwO27fCkQRK3tZseVzFjZaxfGmui990E67sB4MuiPzdJHnJDS/BeYWrHShSSBgCl4KyKRx4ux686fftPg==",
        "dependencies": {
          "Microsoft.Extensions.Configuration.Abstractions": "2.0.0",
          "Microsoft.Extensions.Configuration.Binder": "2.0.0",
          "Microsoft.Extensions.DependencyInjection.Abstractions": "2.0.0",
          "Microsoft.Extensions.Options": "2.0.0"
        }
      },
      "Microsoft.Extensions.Primitives": {
        "type": "Transitive",
        "resolved": "6.0.0",
        "contentHash": "9+PnzmQFfEFNR9J2aDTfJGGupShHjOuGw4VUv+JB044biSHrnmCIMD+mJHmb2H7YryrfBEXDurxQ47gJZdCKNQ==",
        "dependencies": {
          "System.Runtime.CompilerServices.Unsafe": "6.0.0"
        }
      },
      "Microsoft.IdentityModel.JsonWebTokens": {
        "type": "Transitive",
        "resolved": "6.10.0",
        "contentHash": "0qjS31rN1MQTc46tAYbzmMTSRfdV5ndZxSjYxIGqKSidd4wpNJfNII/pdhU5Fx8olarQoKL9lqqYw4yNOIwT0Q==",
        "dependencies": {
          "Microsoft.IdentityModel.Tokens": "6.10.0"
        }
      },
      "Microsoft.IdentityModel.Logging": {
        "type": "Transitive",
        "resolved": "6.10.0",
        "contentHash": "zbcwV6esnNzhZZ/VP87dji6VrUBLB5rxnZBkDMqNYpyG+nrBnBsbm4PUYLCBMUflHCM9EMLDG0rLnqqT+l0ldA=="
      },
      "Microsoft.IdentityModel.Protocols": {
        "type": "Transitive",
        "resolved": "6.10.0",
        "contentHash": "DFyXD0xylP+DknCT3hzJ7q/Q5qRNu0hO/gCU90O0ATdR0twZmlcuY9RNYaaDofXKVbzcShYNCFCGle2G/o8mkg==",
        "dependencies": {
          "Microsoft.IdentityModel.Logging": "6.10.0",
          "Microsoft.IdentityModel.Tokens": "6.10.0"
        }
      },
      "Microsoft.IdentityModel.Protocols.OpenIdConnect": {
        "type": "Transitive",
        "resolved": "6.10.0",
        "contentHash": "LVvMXAWPbPeEWTylDrxunlHH2wFyE4Mv0L4gZrJHC4HTESbWHquKZb/y/S8jgiQEDycOP0PDQvbG4RR/tr2TVQ==",
        "dependencies": {
          "Microsoft.IdentityModel.Protocols": "6.10.0",
          "System.IdentityModel.Tokens.Jwt": "6.10.0"
        }
      },
      "Microsoft.IdentityModel.Tokens": {
        "type": "Transitive",
        "resolved": "6.10.0",
        "contentHash": "qbf1NslutDB4oLrriYTJpy7oB1pbh2ej2lEHd2IPDQH9C74ysOdhU5wAC7KoXblldbo7YsNR2QYFOqQM/b0Rsg==",
        "dependencies": {
          "Microsoft.CSharp": "4.5.0",
          "Microsoft.IdentityModel.Logging": "6.10.0",
          "System.Security.Cryptography.Cng": "4.5.0"
        }
      },
      "Microsoft.NETCore.Platforms": {
        "type": "Transitive",
        "resolved": "2.0.0",
        "contentHash": "VdLJOCXhZaEMY7Hm2GKiULmn7IEPFE4XC5LPSfBVCUIA8YLZVh846gtfBJalsPQF2PlzdD7ecX7DZEulJ402ZQ=="
      },
      "Microsoft.OpenApi": {
        "type": "Transitive",
        "resolved": "1.2.3",
        "contentHash": "Nug3rO+7Kl5/SBAadzSMAVgqDlfGjJZ0GenQrLywJ84XGKO0uRqkunz5Wyl0SDwcR71bAATXvSdbdzPrYRYKGw=="
      },
      "Microsoft.Win32.Registry": {
        "type": "Transitive",
        "resolved": "4.4.0",
        "contentHash": "dA36TlNVn/XfrZtmf0fiI/z1nd3Wfp2QVzTdj26pqgP9LFWq0i1hYEUAW50xUjGFYn1+/cP3KGuxT2Yn1OUNBQ==",
        "dependencies": {
          "Microsoft.NETCore.Platforms": "2.0.0",
          "System.Security.AccessControl": "4.4.0",
          "System.Security.Principal.Windows": "4.4.0"
        }
      },
      "MySqlConnector": {
        "type": "Transitive",
        "resolved": "2.1.2",
        "contentHash": "JVokQTUNN3WHAu9Vw8ieeq1dXTFokJiig5P0VJ4f439UxRrsPo6SaVWC8Zdm6mkPeQFhZ0/9afdWa02EY/1j/w=="
      },
      "runtime.native.System.Data.SqlClient.sni": {
        "type": "Transitive",
        "resolved": "4.4.0",
        "contentHash": "A8v6PGmk+UGbfWo5Ixup0lPM4swuSwOiayJExZwKIOjTlFFQIsu3QnDXECosBEyrWSPryxBVrdqtJyhK3BaupQ==",
        "dependencies": {
          "runtime.win-arm64.runtime.native.System.Data.SqlClient.sni": "4.4.0",
          "runtime.win-x64.runtime.native.System.Data.SqlClient.sni": "4.4.0",
          "runtime.win-x86.runtime.native.System.Data.SqlClient.sni": "4.4.0"
        }
      },
      "runtime.win-arm64.runtime.native.System.Data.SqlClient.sni": {
        "type": "Transitive",
        "resolved": "4.4.0",
        "contentHash": "LbrynESTp3bm5O/+jGL8v0Qg5SJlTV08lpIpFesXjF6uGNMWqFnUQbYBJwZTeua6E/Y7FIM1C54Ey1btLWupdg=="
      },
      "runtime.win-x64.runtime.native.System.Data.SqlClient.sni": {
        "type": "Transitive",
        "resolved": "4.4.0",
        "contentHash": "38ugOfkYJqJoX9g6EYRlZB5U2ZJH51UP8ptxZgdpS07FgOEToV+lS11ouNK2PM12Pr6X/PpT5jK82G3DwH/SxQ=="
      },
      "runtime.win-x86.runtime.native.System.Data.SqlClient.sni": {
        "type": "Transitive",
        "resolved": "4.4.0",
        "contentHash": "YhEdSQUsTx+C8m8Bw7ar5/VesXvCFMItyZF7G1AUY+OM0VPZUOeAVpJ4Wl6fydBGUYZxojTDR3I6Bj/+BPkJNA=="
      },
      "Serilog": {
        "type": "Transitive",
        "resolved": "2.10.0",
        "contentHash": "+QX0hmf37a0/OZLxM3wL7V6/ADvC1XihXN4Kq/p6d8lCPfgkRdiuhbWlMaFjR9Av0dy5F0+MBeDmDdRZN/YwQA=="
      },
      "Serilog.Extensions.Hosting": {
        "type": "Transitive",
        "resolved": "5.0.1",
        "contentHash": "o0VUyt3npAqOJaZ6CiWLFeLYs3CYJwfcAqaUqprzsmj7qYIvorcn8cZLVR8AQX6vzX7gee2bD0sQeA17iO2/Aw==",
        "dependencies": {
          "Microsoft.Extensions.DependencyInjection.Abstractions": "3.1.8",
          "Microsoft.Extensions.Hosting.Abstractions": "3.1.8",
          "Microsoft.Extensions.Logging.Abstractions": "3.1.8",
          "Serilog": "2.10.0",
          "Serilog.Extensions.Logging": "3.1.0"
        }
      },
      "Serilog.Extensions.Logging": {
        "type": "Transitive",
        "resolved": "3.1.0",
        "contentHash": "IWfem7wfrFbB3iw1OikqPFNPEzfayvDuN4WP7Ue1AVFskalMByeWk3QbtUXQR34SBkv1EbZ3AySHda/ErDgpcg==",
        "dependencies": {
          "Microsoft.Extensions.Logging": "2.0.0",
          "Serilog": "2.9.0"
        }
      },
      "Serilog.Formatting.Compact": {
        "type": "Transitive",
        "resolved": "1.1.0",
        "contentHash": "pNroKVjo+rDqlxNG5PXkRLpfSCuDOBY0ri6jp9PLe505ljqwhwZz8ospy2vWhQlFu5GkIesh3FcDs4n7sWZODA==",
        "dependencies": {
          "Serilog": "2.8.0"
        }
      },
      "Serilog.Settings.Configuration": {
        "type": "Transitive",
        "resolved": "3.3.0",
        "contentHash": "7GNudISZwqaT902hqEL2OFGTZeUFWfnrNLupJkOqeF41AR3GjcxX+Hwb30xb8gG2/CDXsCMVfF8o0+8KY0fJNg==",
        "dependencies": {
          "Microsoft.Extensions.DependencyModel": "3.0.0",
          "Microsoft.Extensions.Options.ConfigurationExtensions": "2.0.0",
          "Serilog": "2.10.0"
        }
      },
      "Serilog.Sinks.Console": {
        "type": "Transitive",
        "resolved": "4.0.1",
        "contentHash": "apLOvSJQLlIbKlbx+Y2UDHSP05kJsV7mou+fvJoRGs/iR+jC22r8cuFVMjjfVxz/AD4B2UCltFhE1naRLXwKNw==",
        "dependencies": {
          "Serilog": "2.10.0"
        }
      },
      "Serilog.Sinks.Debug": {
        "type": "Transitive",
        "resolved": "2.0.0",
        "contentHash": "Y6g3OBJ4JzTyyw16fDqtFcQ41qQAydnEvEqmXjhwhgjsnG/FaJ8GUqF5ldsC/bVkK8KYmqrPhDO+tm4dF6xx4A==",
        "dependencies": {
          "Serilog": "2.10.0"
        }
      },
      "Serilog.Sinks.File": {
        "type": "Transitive",
        "resolved": "5.0.0",
        "contentHash": "uwV5hdhWPwUH1szhO8PJpFiahqXmzPzJT/sOijH/kFgUx+cyoDTMM8MHD0adw9+Iem6itoibbUXHYslzXsLEAg==",
        "dependencies": {
          "Serilog": "2.10.0"
        }
      },
      "StyleCop.Analyzers.Unstable": {
        "type": "Transitive",
        "resolved": "1.2.0.354",
        "contentHash": "/3RlM31XbJ02gaWh7dVumWOyMvGHswb/zygGJXd9oEJMRyyYc/HFJlAC5gBPxvi9cB4CMvIyyUTmZz5VLKwTvg=="
      },
      "Superpower": {
        "type": "Transitive",
        "resolved": "2.3.0",
        "contentHash": "L7ZLWjec5aPWWebsOKM6+8SdobSFMPJFIS8S8TT46oH2iELA70H95spRMeP1yPH9nDL/o+XYP29DPtVwVdzPeA=="
      },
      "Swashbuckle.AspNetCore.Swagger": {
        "type": "Transitive",
        "resolved": "6.4.0",
        "contentHash": "nl4SBgGM+cmthUcpwO/w1lUjevdDHAqRvfUoe4Xp/Uvuzt9mzGUwyFCqa3ODBAcZYBiFoKvrYwz0rabslJvSmQ==",
        "dependencies": {
          "Microsoft.OpenApi": "1.2.3"
        }
      },
      "Swashbuckle.AspNetCore.SwaggerGen": {
        "type": "Transitive",
        "resolved": "6.4.0",
        "contentHash": "lXhcUBVqKrPFAQF7e/ZeDfb5PMgE8n5t6L5B6/BQSpiwxgHzmBcx8Msu42zLYFTvR5PIqE9Q9lZvSQAcwCxJjw==",
        "dependencies": {
          "Swashbuckle.AspNetCore.Swagger": "6.4.0"
        }
      },
      "Swashbuckle.AspNetCore.SwaggerUI": {
        "type": "Transitive",
        "resolved": "6.4.0",
        "contentHash": "1Hh3atb3pi8c+v7n4/3N80Jj8RvLOXgWxzix6w3OZhB7zBGRwsy7FWr4e3hwgPweSBpwfElqj4V4nkjYabH9nQ=="
      },
      "System.Collections.Immutable": {
        "type": "Transitive",
        "resolved": "6.0.0",
        "contentHash": "l4zZJ1WU2hqpQQHXz1rvC3etVZN+2DLmQMO79FhOTZHMn8tDRr+WU287sbomD0BETlmKDn0ygUgVy9k5xkkJdA==",
        "dependencies": {
          "System.Runtime.CompilerServices.Unsafe": "6.0.0"
        }
      },
      "System.Data.SqlClient": {
        "type": "Transitive",
        "resolved": "4.4.0",
        "contentHash": "fxb9ghn1k1Ua7FFdlvtiBOD4/PsQvD/fk2KnhS+FK7VC6OggEx6P+lP1P0+KMb5V2dqS1+FbR7HCenoqzJMNIA==",
        "dependencies": {
          "Microsoft.Win32.Registry": "4.4.0",
          "System.Security.Principal.Windows": "4.4.0",
          "System.Text.Encoding.CodePages": "4.4.0",
          "runtime.native.System.Data.SqlClient.sni": "4.4.0"
        }
      },
      "System.Diagnostics.DiagnosticSource": {
        "type": "Transitive",
        "resolved": "6.0.0",
        "contentHash": "frQDfv0rl209cKm1lnwTgFPzNigy2EKk1BS3uAvHvlBVKe5cymGyHO+Sj+NLv5VF/AhHsqPIUUwya5oV4CHMUw==",
        "dependencies": {
          "System.Runtime.CompilerServices.Unsafe": "6.0.0"
        }
      },
      "System.IdentityModel.Tokens.Jwt": {
        "type": "Transitive",
        "resolved": "6.10.0",
        "contentHash": "C+Q5ORsFycRkRuvy/Xd0Pv5xVpmWSAvQYZAGs7VQogmkqlLhvfZXTgBIlHqC3cxkstSoLJAYx6xZB7foQ2y5eg==",
        "dependencies": {
          "Microsoft.IdentityModel.JsonWebTokens": "6.10.0",
          "Microsoft.IdentityModel.Tokens": "6.10.0"
        }
      },
      "System.Runtime.CompilerServices.Unsafe": {
        "type": "Transitive",
        "resolved": "6.0.0",
        "contentHash": "/iUeP3tq1S0XdNNoMz5C9twLSrM/TH+qElHkXWaPvuNOt+99G75NrV0OS2EqHx5wMN7popYjpc8oTjC1y16DLg=="
      },
      "System.Security.AccessControl": {
        "type": "Transitive",
        "resolved": "4.4.0",
        "contentHash": "2NRFPX/V81ucKQmqNgGBZrKGH/5ejsvivSGMRum0SMgPnJxwhuNkzVS1+7gC3R2X0f57CtwrPrXPPSe6nOp82g==",
        "dependencies": {
          "Microsoft.NETCore.Platforms": "2.0.0",
          "System.Security.Principal.Windows": "4.4.0"
        }
      },
      "System.Security.Cryptography.Cng": {
        "type": "Transitive",
        "resolved": "4.5.0",
        "contentHash": "WG3r7EyjUe9CMPFSs6bty5doUqT+q9pbI80hlNzo2SkPkZ4VTuZkGWjpp77JB8+uaL4DFPRdBsAY+DX3dBK92A=="
      },
      "System.Security.Principal.Windows": {
        "type": "Transitive",
        "resolved": "4.4.0",
        "contentHash": "pP+AOzt1o3jESOuLmf52YQTF7H3Ng9hTnrOESQiqsnl2IbBh1HInsAMHYtoh75iUYV0OIkHmjvveraYB6zM97w==",
        "dependencies": {
          "Microsoft.NETCore.Platforms": "2.0.0"
        }
      },
      "System.Text.Encoding.CodePages": {
        "type": "Transitive",
        "resolved": "4.4.0",
        "contentHash": "6JX7ZdaceBiLKLkYt8zJcp4xTJd1uYyXXEkPw6mnlUIjh1gZPIVKPtRXPmY5kLf6DwZmf5YLwR3QUrRonl7l0A==",
        "dependencies": {
          "Microsoft.NETCore.Platforms": "2.0.0"
        }
      },
      "database": {
        "type": "Project",
        "dependencies": {
          "AWSXRayRecorder": "2.11.1",
          "Brighid.Commands.Sdk.Core": "0.1.3",
          "Microsoft.EntityFrameworkCore.Design": "6.0.9",
          "Microsoft.Extensions.Configuration": "6.0.1",
          "Microsoft.Extensions.Configuration.Binder": "6.0.0",
          "Microsoft.Extensions.Configuration.EnvironmentVariables": "6.0.1",
          "Pomelo.EntityFrameworkCore.MySql": "6.0.2"
        }
      }
    },
    "net6.0/linux-musl-arm64": {
      "Microsoft.Win32.Registry": {
        "type": "Transitive",
        "resolved": "4.4.0",
        "contentHash": "dA36TlNVn/XfrZtmf0fiI/z1nd3Wfp2QVzTdj26pqgP9LFWq0i1hYEUAW50xUjGFYn1+/cP3KGuxT2Yn1OUNBQ==",
        "dependencies": {
          "Microsoft.NETCore.Platforms": "2.0.0",
          "System.Security.AccessControl": "4.4.0",
          "System.Security.Principal.Windows": "4.4.0"
        }
      },
      "runtime.win-arm64.runtime.native.System.Data.SqlClient.sni": {
        "type": "Transitive",
        "resolved": "4.4.0",
        "contentHash": "LbrynESTp3bm5O/+jGL8v0Qg5SJlTV08lpIpFesXjF6uGNMWqFnUQbYBJwZTeua6E/Y7FIM1C54Ey1btLWupdg=="
      },
      "runtime.win-x64.runtime.native.System.Data.SqlClient.sni": {
        "type": "Transitive",
        "resolved": "4.4.0",
        "contentHash": "38ugOfkYJqJoX9g6EYRlZB5U2ZJH51UP8ptxZgdpS07FgOEToV+lS11ouNK2PM12Pr6X/PpT5jK82G3DwH/SxQ=="
      },
      "runtime.win-x86.runtime.native.System.Data.SqlClient.sni": {
        "type": "Transitive",
        "resolved": "4.4.0",
        "contentHash": "YhEdSQUsTx+C8m8Bw7ar5/VesXvCFMItyZF7G1AUY+OM0VPZUOeAVpJ4Wl6fydBGUYZxojTDR3I6Bj/+BPkJNA=="
      },
      "System.Data.SqlClient": {
        "type": "Transitive",
        "resolved": "4.4.0",
        "contentHash": "fxb9ghn1k1Ua7FFdlvtiBOD4/PsQvD/fk2KnhS+FK7VC6OggEx6P+lP1P0+KMb5V2dqS1+FbR7HCenoqzJMNIA==",
        "dependencies": {
          "Microsoft.Win32.Registry": "4.4.0",
          "System.Security.Principal.Windows": "4.4.0",
          "System.Text.Encoding.CodePages": "4.4.0",
          "runtime.native.System.Data.SqlClient.sni": "4.4.0"
        }
      },
      "System.Security.AccessControl": {
        "type": "Transitive",
        "resolved": "4.4.0",
        "contentHash": "2NRFPX/V81ucKQmqNgGBZrKGH/5ejsvivSGMRum0SMgPnJxwhuNkzVS1+7gC3R2X0f57CtwrPrXPPSe6nOp82g==",
        "dependencies": {
          "Microsoft.NETCore.Platforms": "2.0.0",
          "System.Security.Principal.Windows": "4.4.0"
        }
      },
      "System.Security.Cryptography.Cng": {
        "type": "Transitive",
        "resolved": "4.5.0",
        "contentHash": "WG3r7EyjUe9CMPFSs6bty5doUqT+q9pbI80hlNzo2SkPkZ4VTuZkGWjpp77JB8+uaL4DFPRdBsAY+DX3dBK92A=="
      },
      "System.Security.Principal.Windows": {
        "type": "Transitive",
        "resolved": "4.4.0",
        "contentHash": "pP+AOzt1o3jESOuLmf52YQTF7H3Ng9hTnrOESQiqsnl2IbBh1HInsAMHYtoh75iUYV0OIkHmjvveraYB6zM97w==",
        "dependencies": {
          "Microsoft.NETCore.Platforms": "2.0.0"
        }
      },
      "System.Text.Encoding.CodePages": {
        "type": "Transitive",
        "resolved": "4.4.0",
        "contentHash": "6JX7ZdaceBiLKLkYt8zJcp4xTJd1uYyXXEkPw6mnlUIjh1gZPIVKPtRXPmY5kLf6DwZmf5YLwR3QUrRonl7l0A==",
        "dependencies": {
          "Microsoft.NETCore.Platforms": "2.0.0"
        }
      }
    },
    "net6.0/linux-musl-x64": {
      "Microsoft.Win32.Registry": {
        "type": "Transitive",
        "resolved": "4.4.0",
        "contentHash": "dA36TlNVn/XfrZtmf0fiI/z1nd3Wfp2QVzTdj26pqgP9LFWq0i1hYEUAW50xUjGFYn1+/cP3KGuxT2Yn1OUNBQ==",
        "dependencies": {
          "Microsoft.NETCore.Platforms": "2.0.0",
          "System.Security.AccessControl": "4.4.0",
          "System.Security.Principal.Windows": "4.4.0"
        }
      },
      "runtime.win-arm64.runtime.native.System.Data.SqlClient.sni": {
        "type": "Transitive",
        "resolved": "4.4.0",
        "contentHash": "LbrynESTp3bm5O/+jGL8v0Qg5SJlTV08lpIpFesXjF6uGNMWqFnUQbYBJwZTeua6E/Y7FIM1C54Ey1btLWupdg=="
      },
      "runtime.win-x64.runtime.native.System.Data.SqlClient.sni": {
        "type": "Transitive",
        "resolved": "4.4.0",
        "contentHash": "38ugOfkYJqJoX9g6EYRlZB5U2ZJH51UP8ptxZgdpS07FgOEToV+lS11ouNK2PM12Pr6X/PpT5jK82G3DwH/SxQ=="
      },
      "runtime.win-x86.runtime.native.System.Data.SqlClient.sni": {
        "type": "Transitive",
        "resolved": "4.4.0",
        "contentHash": "YhEdSQUsTx+C8m8Bw7ar5/VesXvCFMItyZF7G1AUY+OM0VPZUOeAVpJ4Wl6fydBGUYZxojTDR3I6Bj/+BPkJNA=="
      },
      "System.Data.SqlClient": {
        "type": "Transitive",
        "resolved": "4.4.0",
        "contentHash": "fxb9ghn1k1Ua7FFdlvtiBOD4/PsQvD/fk2KnhS+FK7VC6OggEx6P+lP1P0+KMb5V2dqS1+FbR7HCenoqzJMNIA==",
        "dependencies": {
          "Microsoft.Win32.Registry": "4.4.0",
          "System.Security.Principal.Windows": "4.4.0",
          "System.Text.Encoding.CodePages": "4.4.0",
          "runtime.native.System.Data.SqlClient.sni": "4.4.0"
        }
      },
      "System.Security.AccessControl": {
        "type": "Transitive",
        "resolved": "4.4.0",
        "contentHash": "2NRFPX/V81ucKQmqNgGBZrKGH/5ejsvivSGMRum0SMgPnJxwhuNkzVS1+7gC3R2X0f57CtwrPrXPPSe6nOp82g==",
        "dependencies": {
          "Microsoft.NETCore.Platforms": "2.0.0",
          "System.Security.Principal.Windows": "4.4.0"
        }
      },
      "System.Security.Cryptography.Cng": {
        "type": "Transitive",
        "resolved": "4.5.0",
        "contentHash": "WG3r7EyjUe9CMPFSs6bty5doUqT+q9pbI80hlNzo2SkPkZ4VTuZkGWjpp77JB8+uaL4DFPRdBsAY+DX3dBK92A=="
      },
      "System.Security.Principal.Windows": {
        "type": "Transitive",
        "resolved": "4.4.0",
        "contentHash": "pP+AOzt1o3jESOuLmf52YQTF7H3Ng9hTnrOESQiqsnl2IbBh1HInsAMHYtoh75iUYV0OIkHmjvveraYB6zM97w==",
        "dependencies": {
          "Microsoft.NETCore.Platforms": "2.0.0"
        }
      },
      "System.Text.Encoding.CodePages": {
        "type": "Transitive",
        "resolved": "4.4.0",
        "contentHash": "6JX7ZdaceBiLKLkYt8zJcp4xTJd1uYyXXEkPw6mnlUIjh1gZPIVKPtRXPmY5kLf6DwZmf5YLwR3QUrRonl7l0A==",
        "dependencies": {
          "Microsoft.NETCore.Platforms": "2.0.0"
        }
      }
    },
    "net6.0/linux-x64": {
      "Microsoft.Win32.Registry": {
        "type": "Transitive",
        "resolved": "4.4.0",
        "contentHash": "dA36TlNVn/XfrZtmf0fiI/z1nd3Wfp2QVzTdj26pqgP9LFWq0i1hYEUAW50xUjGFYn1+/cP3KGuxT2Yn1OUNBQ==",
        "dependencies": {
          "Microsoft.NETCore.Platforms": "2.0.0",
          "System.Security.AccessControl": "4.4.0",
          "System.Security.Principal.Windows": "4.4.0"
        }
      },
      "runtime.win-arm64.runtime.native.System.Data.SqlClient.sni": {
        "type": "Transitive",
        "resolved": "4.4.0",
        "contentHash": "LbrynESTp3bm5O/+jGL8v0Qg5SJlTV08lpIpFesXjF6uGNMWqFnUQbYBJwZTeua6E/Y7FIM1C54Ey1btLWupdg=="
      },
      "runtime.win-x64.runtime.native.System.Data.SqlClient.sni": {
        "type": "Transitive",
        "resolved": "4.4.0",
        "contentHash": "38ugOfkYJqJoX9g6EYRlZB5U2ZJH51UP8ptxZgdpS07FgOEToV+lS11ouNK2PM12Pr6X/PpT5jK82G3DwH/SxQ=="
      },
      "runtime.win-x86.runtime.native.System.Data.SqlClient.sni": {
        "type": "Transitive",
        "resolved": "4.4.0",
        "contentHash": "YhEdSQUsTx+C8m8Bw7ar5/VesXvCFMItyZF7G1AUY+OM0VPZUOeAVpJ4Wl6fydBGUYZxojTDR3I6Bj/+BPkJNA=="
      },
      "System.Data.SqlClient": {
        "type": "Transitive",
        "resolved": "4.4.0",
        "contentHash": "fxb9ghn1k1Ua7FFdlvtiBOD4/PsQvD/fk2KnhS+FK7VC6OggEx6P+lP1P0+KMb5V2dqS1+FbR7HCenoqzJMNIA==",
        "dependencies": {
          "Microsoft.Win32.Registry": "4.4.0",
          "System.Security.Principal.Windows": "4.4.0",
          "System.Text.Encoding.CodePages": "4.4.0",
          "runtime.native.System.Data.SqlClient.sni": "4.4.0"
        }
      },
      "System.Security.AccessControl": {
        "type": "Transitive",
        "resolved": "4.4.0",
        "contentHash": "2NRFPX/V81ucKQmqNgGBZrKGH/5ejsvivSGMRum0SMgPnJxwhuNkzVS1+7gC3R2X0f57CtwrPrXPPSe6nOp82g==",
        "dependencies": {
          "Microsoft.NETCore.Platforms": "2.0.0",
          "System.Security.Principal.Windows": "4.4.0"
        }
      },
      "System.Security.Cryptography.Cng": {
        "type": "Transitive",
        "resolved": "4.5.0",
        "contentHash": "WG3r7EyjUe9CMPFSs6bty5doUqT+q9pbI80hlNzo2SkPkZ4VTuZkGWjpp77JB8+uaL4DFPRdBsAY+DX3dBK92A=="
      },
      "System.Security.Principal.Windows": {
        "type": "Transitive",
        "resolved": "4.4.0",
        "contentHash": "pP+AOzt1o3jESOuLmf52YQTF7H3Ng9hTnrOESQiqsnl2IbBh1HInsAMHYtoh75iUYV0OIkHmjvveraYB6zM97w==",
        "dependencies": {
          "Microsoft.NETCore.Platforms": "2.0.0"
        }
      },
      "System.Text.Encoding.CodePages": {
        "type": "Transitive",
        "resolved": "4.4.0",
        "contentHash": "6JX7ZdaceBiLKLkYt8zJcp4xTJd1uYyXXEkPw6mnlUIjh1gZPIVKPtRXPmY5kLf6DwZmf5YLwR3QUrRonl7l0A==",
        "dependencies": {
          "Microsoft.NETCore.Platforms": "2.0.0"
        }
      }
    },
    "net6.0/osx-x64": {
      "Microsoft.Win32.Registry": {
        "type": "Transitive",
        "resolved": "4.4.0",
        "contentHash": "dA36TlNVn/XfrZtmf0fiI/z1nd3Wfp2QVzTdj26pqgP9LFWq0i1hYEUAW50xUjGFYn1+/cP3KGuxT2Yn1OUNBQ==",
        "dependencies": {
          "Microsoft.NETCore.Platforms": "2.0.0",
          "System.Security.AccessControl": "4.4.0",
          "System.Security.Principal.Windows": "4.4.0"
        }
      },
      "runtime.win-arm64.runtime.native.System.Data.SqlClient.sni": {
        "type": "Transitive",
        "resolved": "4.4.0",
        "contentHash": "LbrynESTp3bm5O/+jGL8v0Qg5SJlTV08lpIpFesXjF6uGNMWqFnUQbYBJwZTeua6E/Y7FIM1C54Ey1btLWupdg=="
      },
      "runtime.win-x64.runtime.native.System.Data.SqlClient.sni": {
        "type": "Transitive",
        "resolved": "4.4.0",
        "contentHash": "38ugOfkYJqJoX9g6EYRlZB5U2ZJH51UP8ptxZgdpS07FgOEToV+lS11ouNK2PM12Pr6X/PpT5jK82G3DwH/SxQ=="
      },
      "runtime.win-x86.runtime.native.System.Data.SqlClient.sni": {
        "type": "Transitive",
        "resolved": "4.4.0",
        "contentHash": "YhEdSQUsTx+C8m8Bw7ar5/VesXvCFMItyZF7G1AUY+OM0VPZUOeAVpJ4Wl6fydBGUYZxojTDR3I6Bj/+BPkJNA=="
      },
      "System.Data.SqlClient": {
        "type": "Transitive",
        "resolved": "4.4.0",
        "contentHash": "fxb9ghn1k1Ua7FFdlvtiBOD4/PsQvD/fk2KnhS+FK7VC6OggEx6P+lP1P0+KMb5V2dqS1+FbR7HCenoqzJMNIA==",
        "dependencies": {
          "Microsoft.Win32.Registry": "4.4.0",
          "System.Security.Principal.Windows": "4.4.0",
          "System.Text.Encoding.CodePages": "4.4.0",
          "runtime.native.System.Data.SqlClient.sni": "4.4.0"
        }
      },
      "System.Security.AccessControl": {
        "type": "Transitive",
        "resolved": "4.4.0",
        "contentHash": "2NRFPX/V81ucKQmqNgGBZrKGH/5ejsvivSGMRum0SMgPnJxwhuNkzVS1+7gC3R2X0f57CtwrPrXPPSe6nOp82g==",
        "dependencies": {
          "Microsoft.NETCore.Platforms": "2.0.0",
          "System.Security.Principal.Windows": "4.4.0"
        }
      },
      "System.Security.Cryptography.Cng": {
        "type": "Transitive",
        "resolved": "4.5.0",
        "contentHash": "WG3r7EyjUe9CMPFSs6bty5doUqT+q9pbI80hlNzo2SkPkZ4VTuZkGWjpp77JB8+uaL4DFPRdBsAY+DX3dBK92A=="
      },
      "System.Security.Principal.Windows": {
        "type": "Transitive",
        "resolved": "4.4.0",
        "contentHash": "pP+AOzt1o3jESOuLmf52YQTF7H3Ng9hTnrOESQiqsnl2IbBh1HInsAMHYtoh75iUYV0OIkHmjvveraYB6zM97w==",
        "dependencies": {
          "Microsoft.NETCore.Platforms": "2.0.0"
        }
      },
      "System.Text.Encoding.CodePages": {
        "type": "Transitive",
        "resolved": "4.4.0",
        "contentHash": "6JX7ZdaceBiLKLkYt8zJcp4xTJd1uYyXXEkPw6mnlUIjh1gZPIVKPtRXPmY5kLf6DwZmf5YLwR3QUrRonl7l0A==",
        "dependencies": {
          "Microsoft.NETCore.Platforms": "2.0.0"
        }
      }
    }
  }
}