
Microsoft Visual Studio Solution File, Format Version 12.00
# Visual Studio Version 16
VisualStudioVersion = 16.0.30114.105
MinimumVisualStudioVersion = 10.0.40219.1
Project("{2150E333-8FDC-42A3-9474-1A3956D46DE8}") = "src", "src", "{D4FE6D39-7A43-4488-A115-B8B3A6929CEF}"
EndProject
Project("{FAE04EC0-301F-11D3-BF4B-00C04F79EFBC}") = "Service", "src\Service\Service.csproj", "{7B56BDFA-396D-4EA8-9586-C3982441002B}"
EndProject
Project("{FAE04EC0-301F-11D3-BF4B-00C04F79EFBC}") = "Tests", "tests\Tests.csproj", "{14C115C9-1849-41F4-B741-1B6C18A3F119}"
EndProject
Project("{FAE04EC0-301F-11D3-BF4B-00C04F79EFBC}") = "TestCommands", "src\TestCommands\TestCommands.csproj", "{6921AC12-6905-4CD4-BC9A-BD23446B89F3}"
EndProject
Project("{2150E333-8FDC-42A3-9474-1A3956D46DE8}") = "cicd", "cicd", "{8EC4D35E-2FE4-45D2-9CE6-C125C2DEB3B4}"
EndProject
Project("{FAE04EC0-301F-11D3-BF4B-00C04F79EFBC}") = "Cicd.Artifacts", "cicd\Cicd.Artifacts\Cicd.Artifacts.csproj", "{63BD9CBD-8574-459B-8479-FC34F85E7BA7}"
EndProject
Project("{FAE04EC0-301F-11D3-BF4B-00C04F79EFBC}") = "Cicd.BuildDriver", "cicd\Cicd.BuildDriver\Cicd.BuildDriver.csproj", "{BF127A8A-5570-4F9B-A6E9-222F93A195D0}"
EndProject
Project("{FAE04EC0-301F-11D3-BF4B-00C04F79EFBC}") = "Cicd.DeployDriver", "cicd\Cicd.DeployDriver\Cicd.DeployDriver.csproj", "{ACACB62D-375E-46F8-8280-C34A95CF099F}"
EndProject
Project("{FAE04EC0-301F-11D3-BF4B-00C04F79EFBC}") = "Cicd.Utils", "cicd\Cicd.Utils\Cicd.Utils.csproj", "{A611139D-56EC-4630-9C79-5DE9AB059D0A}"
EndProject
Project("{FAE04EC0-301F-11D3-BF4B-00C04F79EFBC}") = "Cicd.ClientUpdateDriver", "cicd\Cicd.ClientUpdateDriver\Cicd.ClientUpdateDriver.csproj", "{5202A1B1-2041-4119-8EF4-92A60B511A7F}"
EndProject
Project("{FAE04EC0-301F-11D3-BF4B-00C04F79EFBC}") = "MigrationsRunner", "src\MigrationsRunner\MigrationsRunner.csproj", "{01C5BFD5-54A3-456F-8D06-1F095F046634}"
EndProject
Global
	GlobalSection(SolutionConfigurationPlatforms) = preSolution
		Debug|Any CPU = Debug|Any CPU
		Debug|x64 = Debug|x64
		Debug|x86 = Debug|x86
		Release|Any CPU = Release|Any CPU
		Release|x64 = Release|x64
		Release|x86 = Release|x86
	EndGlobalSection
	GlobalSection(SolutionProperties) = preSolution
		HideSolutionNode = FALSE
	EndGlobalSection
	GlobalSection(ProjectConfigurationPlatforms) = postSolution
		{7B56BDFA-396D-4EA8-9586-C3982441002B}.Debug|Any CPU.ActiveCfg = Debug|Any CPU
		{7B56BDFA-396D-4EA8-9586-C3982441002B}.Debug|Any CPU.Build.0 = Debug|Any CPU
		{7B56BDFA-396D-4EA8-9586-C3982441002B}.Debug|x64.ActiveCfg = Debug|Any CPU
		{7B56BDFA-396D-4EA8-9586-C3982441002B}.Debug|x64.Build.0 = Debug|Any CPU
		{7B56BDFA-396D-4EA8-9586-C3982441002B}.Debug|x86.ActiveCfg = Debug|Any CPU
		{7B56BDFA-396D-4EA8-9586-C3982441002B}.Debug|x86.Build.0 = Debug|Any CPU
		{7B56BDFA-396D-4EA8-9586-C3982441002B}.Release|Any CPU.ActiveCfg = Release|Any CPU
		{7B56BDFA-396D-4EA8-9586-C3982441002B}.Release|Any CPU.Build.0 = Release|Any CPU
		{7B56BDFA-396D-4EA8-9586-C3982441002B}.Release|x64.ActiveCfg = Release|Any CPU
		{7B56BDFA-396D-4EA8-9586-C3982441002B}.Release|x64.Build.0 = Release|Any CPU
		{7B56BDFA-396D-4EA8-9586-C3982441002B}.Release|x86.ActiveCfg = Release|Any CPU
		{7B56BDFA-396D-4EA8-9586-C3982441002B}.Release|x86.Build.0 = Release|Any CPU
		{14C115C9-1849-41F4-B741-1B6C18A3F119}.Debug|Any CPU.ActiveCfg = Debug|Any CPU
		{14C115C9-1849-41F4-B741-1B6C18A3F119}.Debug|Any CPU.Build.0 = Debug|Any CPU
		{14C115C9-1849-41F4-B741-1B6C18A3F119}.Debug|x64.ActiveCfg = Debug|Any CPU
		{14C115C9-1849-41F4-B741-1B6C18A3F119}.Debug|x64.Build.0 = Debug|Any CPU
		{14C115C9-1849-41F4-B741-1B6C18A3F119}.Debug|x86.ActiveCfg = Debug|Any CPU
		{14C115C9-1849-41F4-B741-1B6C18A3F119}.Debug|x86.Build.0 = Debug|Any CPU
		{14C115C9-1849-41F4-B741-1B6C18A3F119}.Release|Any CPU.ActiveCfg = Release|Any CPU
		{14C115C9-1849-41F4-B741-1B6C18A3F119}.Release|Any CPU.Build.0 = Release|Any CPU
		{14C115C9-1849-41F4-B741-1B6C18A3F119}.Release|x64.ActiveCfg = Release|Any CPU
		{14C115C9-1849-41F4-B741-1B6C18A3F119}.Release|x64.Build.0 = Release|Any CPU
		{14C115C9-1849-41F4-B741-1B6C18A3F119}.Release|x86.ActiveCfg = Release|Any CPU
		{14C115C9-1849-41F4-B741-1B6C18A3F119}.Release|x86.Build.0 = Release|Any CPU
		{6921AC12-6905-4CD4-BC9A-BD23446B89F3}.Debug|Any CPU.ActiveCfg = Debug|Any CPU
		{6921AC12-6905-4CD4-BC9A-BD23446B89F3}.Debug|Any CPU.Build.0 = Debug|Any CPU
		{6921AC12-6905-4CD4-BC9A-BD23446B89F3}.Debug|x64.ActiveCfg = Debug|Any CPU
		{6921AC12-6905-4CD4-BC9A-BD23446B89F3}.Debug|x64.Build.0 = Debug|Any CPU
		{6921AC12-6905-4CD4-BC9A-BD23446B89F3}.Debug|x86.ActiveCfg = Debug|Any CPU
		{6921AC12-6905-4CD4-BC9A-BD23446B89F3}.Debug|x86.Build.0 = Debug|Any CPU
		{6921AC12-6905-4CD4-BC9A-BD23446B89F3}.Release|Any CPU.ActiveCfg = Release|Any CPU
		{6921AC12-6905-4CD4-BC9A-BD23446B89F3}.Release|Any CPU.Build.0 = Release|Any CPU
		{6921AC12-6905-4CD4-BC9A-BD23446B89F3}.Release|x64.ActiveCfg = Release|Any CPU
		{6921AC12-6905-4CD4-BC9A-BD23446B89F3}.Release|x64.Build.0 = Release|Any CPU
		{6921AC12-6905-4CD4-BC9A-BD23446B89F3}.Release|x86.ActiveCfg = Release|Any CPU
		{6921AC12-6905-4CD4-BC9A-BD23446B89F3}.Release|x86.Build.0 = Release|Any CPU
		{63BD9CBD-8574-459B-8479-FC34F85E7BA7}.Debug|Any CPU.ActiveCfg = Debug|Any CPU
		{63BD9CBD-8574-459B-8479-FC34F85E7BA7}.Debug|Any CPU.Build.0 = Debug|Any CPU
		{63BD9CBD-8574-459B-8479-FC34F85E7BA7}.Debug|x64.ActiveCfg = Debug|Any CPU
		{63BD9CBD-8574-459B-8479-FC34F85E7BA7}.Debug|x64.Build.0 = Debug|Any CPU
		{63BD9CBD-8574-459B-8479-FC34F85E7BA7}.Debug|x86.ActiveCfg = Debug|Any CPU
		{63BD9CBD-8574-459B-8479-FC34F85E7BA7}.Debug|x86.Build.0 = Debug|Any CPU
		{63BD9CBD-8574-459B-8479-FC34F85E7BA7}.Release|Any CPU.ActiveCfg = Release|Any CPU
		{63BD9CBD-8574-459B-8479-FC34F85E7BA7}.Release|Any CPU.Build.0 = Release|Any CPU
		{63BD9CBD-8574-459B-8479-FC34F85E7BA7}.Release|x64.ActiveCfg = Release|Any CPU
		{63BD9CBD-8574-459B-8479-FC34F85E7BA7}.Release|x64.Build.0 = Release|Any CPU
		{63BD9CBD-8574-459B-8479-FC34F85E7BA7}.Release|x86.ActiveCfg = Release|Any CPU
		{63BD9CBD-8574-459B-8479-FC34F85E7BA7}.Release|x86.Build.0 = Release|Any CPU
		{BF127A8A-5570-4F9B-A6E9-222F93A195D0}.Debug|Any CPU.ActiveCfg = Debug|Any CPU
		{BF127A8A-5570-4F9B-A6E9-222F93A195D0}.Debug|Any CPU.Build.0 = Debug|Any CPU
		{BF127A8A-5570-4F9B-A6E9-222F93A195D0}.Debug|x64.ActiveCfg = Debug|Any CPU
		{BF127A8A-5570-4F9B-A6E9-222F93A195D0}.Debug|x64.Build.0 = Debug|Any CPU
		{BF127A8A-5570-4F9B-A6E9-222F93A195D0}.Debug|x86.ActiveCfg = Debug|Any CPU
		{BF127A8A-5570-4F9B-A6E9-222F93A195D0}.Debug|x86.Build.0 = Debug|Any CPU
		{BF127A8A-5570-4F9B-A6E9-222F93A195D0}.Release|Any CPU.ActiveCfg = Release|Any CPU
		{BF127A8A-5570-4F9B-A6E9-222F93A195D0}.Release|Any CPU.Build.0 = Release|Any CPU
		{BF127A8A-5570-4F9B-A6E9-222F93A195D0}.Release|x64.ActiveCfg = Release|Any CPU
		{BF127A8A-5570-4F9B-A6E9-222F93A195D0}.Release|x64.Build.0 = Release|Any CPU
		{BF127A8A-5570-4F9B-A6E9-222F93A195D0}.Release|x86.ActiveCfg = Release|Any CPU
		{BF127A8A-5570-4F9B-A6E9-222F93A195D0}.Release|x86.Build.0 = Release|Any CPU
		{ACACB62D-375E-46F8-8280-C34A95CF099F}.Debug|Any CPU.ActiveCfg = Debug|Any CPU
		{ACACB62D-375E-46F8-8280-C34A95CF099F}.Debug|Any CPU.Build.0 = Debug|Any CPU
		{ACACB62D-375E-46F8-8280-C34A95CF099F}.Debug|x64.ActiveCfg = Debug|Any CPU
		{ACACB62D-375E-46F8-8280-C34A95CF099F}.Debug|x64.Build.0 = Debug|Any CPU
		{ACACB62D-375E-46F8-8280-C34A95CF099F}.Debug|x86.ActiveCfg = Debug|Any CPU
		{ACACB62D-375E-46F8-8280-C34A95CF099F}.Debug|x86.Build.0 = Debug|Any CPU
		{ACACB62D-375E-46F8-8280-C34A95CF099F}.Release|Any CPU.ActiveCfg = Release|Any CPU
		{ACACB62D-375E-46F8-8280-C34A95CF099F}.Release|Any CPU.Build.0 = Release|Any CPU
		{ACACB62D-375E-46F8-8280-C34A95CF099F}.Release|x64.ActiveCfg = Release|Any CPU
		{ACACB62D-375E-46F8-8280-C34A95CF099F}.Release|x64.Build.0 = Release|Any CPU
		{ACACB62D-375E-46F8-8280-C34A95CF099F}.Release|x86.ActiveCfg = Release|Any CPU
		{ACACB62D-375E-46F8-8280-C34A95CF099F}.Release|x86.Build.0 = Release|Any CPU
		{A611139D-56EC-4630-9C79-5DE9AB059D0A}.Debug|Any CPU.ActiveCfg = Debug|Any CPU
		{A611139D-56EC-4630-9C79-5DE9AB059D0A}.Debug|Any CPU.Build.0 = Debug|Any CPU
		{A611139D-56EC-4630-9C79-5DE9AB059D0A}.Debug|x64.ActiveCfg = Debug|Any CPU
		{A611139D-56EC-4630-9C79-5DE9AB059D0A}.Debug|x64.Build.0 = Debug|Any CPU
		{A611139D-56EC-4630-9C79-5DE9AB059D0A}.Debug|x86.ActiveCfg = Debug|Any CPU
		{A611139D-56EC-4630-9C79-5DE9AB059D0A}.Debug|x86.Build.0 = Debug|Any CPU
		{A611139D-56EC-4630-9C79-5DE9AB059D0A}.Release|Any CPU.ActiveCfg = Release|Any CPU
		{A611139D-56EC-4630-9C79-5DE9AB059D0A}.Release|Any CPU.Build.0 = Release|Any CPU
		{A611139D-56EC-4630-9C79-5DE9AB059D0A}.Release|x64.ActiveCfg = Release|Any CPU
		{A611139D-56EC-4630-9C79-5DE9AB059D0A}.Release|x64.Build.0 = Release|Any CPU
		{A611139D-56EC-4630-9C79-5DE9AB059D0A}.Release|x86.ActiveCfg = Release|Any CPU
		{A611139D-56EC-4630-9C79-5DE9AB059D0A}.Release|x86.Build.0 = Release|Any CPU
		{5202A1B1-2041-4119-8EF4-92A60B511A7F}.Debug|Any CPU.ActiveCfg = Debug|Any CPU
		{5202A1B1-2041-4119-8EF4-92A60B511A7F}.Debug|Any CPU.Build.0 = Debug|Any CPU
		{5202A1B1-2041-4119-8EF4-92A60B511A7F}.Debug|x64.ActiveCfg = Debug|Any CPU
		{5202A1B1-2041-4119-8EF4-92A60B511A7F}.Debug|x64.Build.0 = Debug|Any CPU
		{5202A1B1-2041-4119-8EF4-92A60B511A7F}.Debug|x86.ActiveCfg = Debug|Any CPU
		{5202A1B1-2041-4119-8EF4-92A60B511A7F}.Debug|x86.Build.0 = Debug|Any CPU
		{5202A1B1-2041-4119-8EF4-92A60B511A7F}.Release|Any CPU.ActiveCfg = Release|Any CPU
		{5202A1B1-2041-4119-8EF4-92A60B511A7F}.Release|Any CPU.Build.0 = Release|Any CPU
		{5202A1B1-2041-4119-8EF4-92A60B511A7F}.Release|x64.ActiveCfg = Release|Any CPU
		{5202A1B1-2041-4119-8EF4-92A60B511A7F}.Release|x64.Build.0 = Release|Any CPU
		{5202A1B1-2041-4119-8EF4-92A60B511A7F}.Release|x86.ActiveCfg = Release|Any CPU
		{5202A1B1-2041-4119-8EF4-92A60B511A7F}.Release|x86.Build.0 = Release|Any CPU
		{01C5BFD5-54A3-456F-8D06-1F095F046634}.Debug|Any CPU.ActiveCfg = Debug|Any CPU
		{01C5BFD5-54A3-456F-8D06-1F095F046634}.Debug|Any CPU.Build.0 = Debug|Any CPU
		{01C5BFD5-54A3-456F-8D06-1F095F046634}.Debug|x64.ActiveCfg = Debug|Any CPU
		{01C5BFD5-54A3-456F-8D06-1F095F046634}.Debug|x64.Build.0 = Debug|Any CPU
		{01C5BFD5-54A3-456F-8D06-1F095F046634}.Debug|x86.ActiveCfg = Debug|Any CPU
		{01C5BFD5-54A3-456F-8D06-1F095F046634}.Debug|x86.Build.0 = Debug|Any CPU
		{01C5BFD5-54A3-456F-8D06-1F095F046634}.Release|Any CPU.ActiveCfg = Release|Any CPU
		{01C5BFD5-54A3-456F-8D06-1F095F046634}.Release|Any CPU.Build.0 = Release|Any CPU
		{01C5BFD5-54A3-456F-8D06-1F095F046634}.Release|x64.ActiveCfg = Release|Any CPU
		{01C5BFD5-54A3-456F-8D06-1F095F046634}.Release|x64.Build.0 = Release|Any CPU
		{01C5BFD5-54A3-456F-8D06-1F095F046634}.Release|x86.ActiveCfg = Release|Any CPU
		{01C5BFD5-54A3-456F-8D06-1F095F046634}.Release|x86.Build.0 = Release|Any CPU
	EndGlobalSection
	GlobalSection(NestedProjects) = preSolution
		{7B56BDFA-396D-4EA8-9586-C3982441002B} = {D4FE6D39-7A43-4488-A115-B8B3A6929CEF}
		{6921AC12-6905-4CD4-BC9A-BD23446B89F3} = {D4FE6D39-7A43-4488-A115-B8B3A6929CEF}
		{63BD9CBD-8574-459B-8479-FC34F85E7BA7} = {8EC4D35E-2FE4-45D2-9CE6-C125C2DEB3B4}
		{BF127A8A-5570-4F9B-A6E9-222F93A195D0} = {8EC4D35E-2FE4-45D2-9CE6-C125C2DEB3B4}
		{ACACB62D-375E-46F8-8280-C34A95CF099F} = {8EC4D35E-2FE4-45D2-9CE6-C125C2DEB3B4}
		{A611139D-56EC-4630-9C79-5DE9AB059D0A} = {8EC4D35E-2FE4-45D2-9CE6-C125C2DEB3B4}
		{5202A1B1-2041-4119-8EF4-92A60B511A7F} = {8EC4D35E-2FE4-45D2-9CE6-C125C2DEB3B4}
		{01C5BFD5-54A3-456F-8D06-1F095F046634} = {D4FE6D39-7A43-4488-A115-B8B3A6929CEF}
	EndGlobalSection
EndGlobal
