{
  "version": 1,
  "dependencies": {
    "net6.0": {
      "AWSSDK.ECR": {
        "type": "Direct",
        "requested": "[3.7.4.71, )",
        "resolved": "3.7.4.71",
        "contentHash": "N+bzZ9NKjF8QQsz6Oeh3/aiRkSsR9dYYLX8Czb2XYQibaCSXnz7ZnXzQ0SnNlstBXHNOlnEfykRDrm4+PkXa4w==",
        "dependencies": {
          "AWSSDK.Core": "[3.7.13.7, 4.0.0)"
        }
      },
      "AWSSDK.ECRPublic": {
        "type": "Direct",
        "requested": "[3.7.0.209, )",
        "resolved": "3.7.0.209",
        "contentHash": "yWQjlUEKmEY3kiwiNTbM8H9YRU0tN38JS1d3kdHOao5ZIGeOj1PWvn2u4ifcBTDaOVE1C1QjaPwjxcLgUFr61w==",
        "dependencies": {
          "AWSSDK.Core": "[3.7.13.7, 4.0.0)"
        }
      },
      "Nerdbank.GitVersioning": {
        "type": "Direct",
        "requested": "[3.5.113, )",
        "resolved": "3.5.113",
        "contentHash": "4fBSMkqhi410qlkjPm+Mxfk8iO3C7dmgdVS7ljsfVO21WEzZCHP1VCOqB6rlOPfPidR/oxX+/Do/I7meCAz+Jg=="
      },
      "StyleCop.Analyzers": {
        "type": "Direct",
        "requested": "[1.2.0-beta.354, )",
        "resolved": "1.2.0-beta.354",
        "contentHash": "oDSJNxnEvIzAQTkpkc/FnJP4dQ7TV6fHMsI+2ckU5DOaMiwiEfh1fawMsSqz2bCoNwbTt9lS6MgYvyVKujNJoA==",
        "dependencies": {
          "StyleCop.Analyzers.Unstable": "1.2.0.354"
        }
      },
      "AWSSDK.Core": {
        "type": "Transitive",
        "resolved": "3.7.13.7",
        "contentHash": "ivB1bTUTChhvSgFbR0YnRE1K6fZ5dtukntWEW21ZFBgLWFqTwit6MmWKkTb4I9KjgZga3sT5IApiBIRC+X+RYQ=="
      },
      "StyleCop.Analyzers.Unstable": {
        "type": "Transitive",
        "resolved": "1.2.0.354",
        "contentHash": "/3RlM31XbJ02gaWh7dVumWOyMvGHswb/zygGJXd9oEJMRyyYc/HFJlAC5gBPxvi9cB4CMvIyyUTmZz5VLKwTvg=="
      }
    },
    "net6.0/linux-musl-x64": {},
    "net6.0/linux-x64": {},
    "net6.0/osx-x64": {}
  }
}