{
  "version": 1,
  "dependencies": {
    "net6.0": {
      "AWSSDK.ECR": {
        "type": "Direct",
        "requested": "[3.7.4.10, )",
        "resolved": "3.7.4.10",
        "contentHash": "VomxpMWsOeXiWONH0WSky+SCddOkvOlPHIBxrP+byvMtfRj/zW3ojSCFNylai1Ta0OcTeunTxdrHL8KeXD2Owg==",
        "dependencies": {
          "AWSSDK.Core": "[3.7.10.8, 4.0.0)"
        }
      },
      "AWSSDK.ECRPublic": {
        "type": "Direct",
        "requested": "[3.7.0.148, )",
        "resolved": "3.7.0.148",
        "contentHash": "UW3LQCI/w7+jX7q2MSi8hrZShyeRIUQ4V7BwGIHOzlua/1cylw3iWGrFZ8304qrLN50WsZjbuS6LuqFTf/BQbA==",
        "dependencies": {
          "AWSSDK.Core": "[3.7.10.8, 4.0.0)"
        }
      },
      "Nerdbank.GitVersioning": {
        "type": "Direct",
        "requested": "[3.4.255, )",
        "resolved": "3.4.255",
        "contentHash": "7aJa6+VzdKNDVJqGIWGtvIDh2HsIx8DIDfUg4yWViXc798awhSohPMk1oiAZqSntnrKThKJtn4vAMRdsCj8dtg=="
      },
      "StyleCop.Analyzers": {
        "type": "Direct",
        "requested": "[1.2.0-beta.354, )",
        "resolved": "1.2.0-beta.354",
        "contentHash": "oDSJNxnEvIzAQTkpkc/FnJP4dQ7TV6fHMsI+2ckU5DOaMiwiEfh1fawMsSqz2bCoNwbTt9lS6MgYvyVKujNJoA==",
        "dependencies": {
          "StyleCop.Analyzers.Unstable": "1.2.0.354"
        }
      },
      "AWSSDK.Core": {
        "type": "Transitive",
        "resolved": "3.7.10.8",
        "contentHash": "9bW62kH+p4OvYj98KpeapiWd4WFF7U7QnIBX7Rh6qiwtVx+YRxjzJHbV1X/ucotVHQVajkkB8YtUWN6Za+joTw=="
      },
      "StyleCop.Analyzers.Unstable": {
        "type": "Transitive",
        "resolved": "1.2.0.354",
        "contentHash": "/3RlM31XbJ02gaWh7dVumWOyMvGHswb/zygGJXd9oEJMRyyYc/HFJlAC5gBPxvi9cB4CMvIyyUTmZz5VLKwTvg=="
      }
    },
    "net6.0/linux-musl-x64": {},
    "net6.0/linux-x64": {},
    "net6.0/osx-x64": {}
  }
}