{
  "version": 1,
  "dependencies": {
    "net6.0": {
      "AWSSDK.ECR": {
        "type": "Direct",
        "requested": "[3.7.100.102, )",
        "resolved": "3.7.100.102",
        "contentHash": "wkqvCpWVxm+/rohjvYLxbzlXewwBuMX+Iga5X8CtnzmRz7QmOr4m8Funwj7JyIjd3jMPyLCELMp1vyjw80uV8A==",
        "dependencies": {
          "AWSSDK.Core": "[3.7.106.9, 4.0.0)"
        }
      },
      "AWSSDK.ECRPublic": {
        "type": "Direct",
        "requested": "[3.7.101.51, )",
        "resolved": "3.7.101.51",
        "contentHash": "MydkU913l0mdx+0k48MHp3V4Wk2sId8/NTYqESCZcZAhMbCafEbibDLvCvDLPGSOKtGKd+432Mh2VaKjKS0hsQ==",
        "dependencies": {
          "AWSSDK.Core": "[3.7.106.9, 4.0.0)"
        }
      },
      "Nerdbank.GitVersioning": {
        "type": "Direct",
        "requested": "[3.5.119, )",
        "resolved": "3.5.119",
        "contentHash": "x8k4zV6YKZA5Rr810439lG9NngdbyPtFv0QpIYz32m1Im59kvSbEHO8gKGZoNvsfZSquayjEDUCa8acbut372g=="
      },
      "StyleCop.Analyzers": {
        "type": "Direct",
        "requested": "[1.2.0-beta.435, )",
        "resolved": "1.2.0-beta.435",
        "contentHash": "TADk7vdGXtfTnYCV7GyleaaRTQjfoSfZXprQrVMm7cSJtJbFc1QIbWPyLvrgrfGdfHbGmUPvaN4ODKNxg2jgPQ==",
        "dependencies": {
          "StyleCop.Analyzers.Unstable": "1.2.0.435"
        }
      },
      "AWSSDK.Core": {
        "type": "Transitive",
        "resolved": "3.7.106.9",
        "contentHash": "K9+/j66LJysht1ab6BGAkOAgYNj/KNTkpWH63cOcvcim8qP51iorLUhWpxyGqE7kLC1ocsO7rvs4kZojZmUgBw=="
      },
      "StyleCop.Analyzers.Unstable": {
        "type": "Transitive",
        "resolved": "1.2.0.435",
        "contentHash": "ouwPWZxbOV3SmCZxIRqHvljkSzkCyi1tDoMzQtDb/bRP8ctASV/iRJr+A2Gdj0QLaLmWnqTWDrH82/iP+X80Lg=="
      }
    },
    "net6.0/linux-musl-x64": {},
    "net6.0/linux-x64": {},
    "net6.0/osx-x64": {}
  }
}